
Microsoft Visual Studio Solution File, Format Version 12.00
# Visual Studio 15
VisualStudioVersion = 15.0.28307.1082
MinimumVisualStudioVersion = 10.0.40219.1
Project("{8BC9CEB8-8B4A-11D0-8D11-00A0C91BC942}") = "Arrays", "Arrays\Arrays.vcxproj", "{491CF93B-C4C0-4B64-920B-1D477374AF9A}"
EndProject
Project("{8BC9CEB8-8B4A-11D0-8D11-00A0C91BC942}") = "HomeWork", "HomeWork\HomeWork.vcxproj", "{A2A8C750-A5B2-4014-9CF2-9B2AB8818D64}"
EndProject
Project("{8BC9CEB8-8B4A-11D0-8D11-00A0C91BC942}") = "Shift", "Shift\Shift.vcxproj", "{BAC0B100-A164-45CE-8DBC-5CFD4F2C6870}"
EndProject
Project("{8BC9CEB8-8B4A-11D0-8D11-00A0C91BC942}") = "Random", "Random\Random.vcxproj", "{08920450-8A91-4AC0-ADBF-9062A360D06C}"
EndProject
Project("{8BC9CEB8-8B4A-11D0-8D11-00A0C91BC942}") = "UniqueRandom", "UniqueRandom\UniqueRandom.vcxproj", "{BD223CA6-2745-404F-BC9C-D39F6AE89057}"
EndProject
Project("{8BC9CEB8-8B4A-11D0-8D11-00A0C91BC942}") = "Sort", "Sort\Sort.vcxproj", "{1C58D5C2-D5F7-499C-99D9-6E96C8B6161B}"
EndProject
Global
	GlobalSection(SolutionConfigurationPlatforms) = preSolution
		Debug|x64 = Debug|x64
		Debug|x86 = Debug|x86
		Release|x64 = Release|x64
		Release|x86 = Release|x86
	EndGlobalSection
	GlobalSection(ProjectConfigurationPlatforms) = postSolution
		{491CF93B-C4C0-4B64-920B-1D477374AF9A}.Debug|x64.ActiveCfg = Debug|x64
		{491CF93B-C4C0-4B64-920B-1D477374AF9A}.Debug|x64.Build.0 = Debug|x64
		{491CF93B-C4C0-4B64-920B-1D477374AF9A}.Debug|x86.ActiveCfg = Debug|Win32
		{491CF93B-C4C0-4B64-920B-1D477374AF9A}.Debug|x86.Build.0 = Debug|Win32
		{491CF93B-C4C0-4B64-920B-1D477374AF9A}.Release|x64.ActiveCfg = Release|x64
		{491CF93B-C4C0-4B64-920B-1D477374AF9A}.Release|x64.Build.0 = Release|x64
		{491CF93B-C4C0-4B64-920B-1D477374AF9A}.Release|x86.ActiveCfg = Release|Win32
		{491CF93B-C4C0-4B64-920B-1D477374AF9A}.Release|x86.Build.0 = Release|Win32
		{A2A8C750-A5B2-4014-9CF2-9B2AB8818D64}.Debug|x64.ActiveCfg = Debug|x64
		{A2A8C750-A5B2-4014-9CF2-9B2AB8818D64}.Debug|x64.Build.0 = Debug|x64
		{A2A8C750-A5B2-4014-9CF2-9B2AB8818D64}.Debug|x86.ActiveCfg = Debug|Win32
		{A2A8C750-A5B2-4014-9CF2-9B2AB8818D64}.Debug|x86.Build.0 = Debug|Win32
		{A2A8C750-A5B2-4014-9CF2-9B2AB8818D64}.Release|x64.ActiveCfg = Release|x64
		{A2A8C750-A5B2-4014-9CF2-9B2AB8818D64}.Release|x64.Build.0 = Release|x64
		{A2A8C750-A5B2-4014-9CF2-9B2AB8818D64}.Release|x86.ActiveCfg = Release|Win32
		{A2A8C750-A5B2-4014-9CF2-9B2AB8818D64}.Release|x86.Build.0 = Release|Win32
		{BAC0B100-A164-45CE-8DBC-5CFD4F2C6870}.Debug|x64.ActiveCfg = Debug|x64
		{BAC0B100-A164-45CE-8DBC-5CFD4F2C6870}.Debug|x64.Build.0 = Debug|x64
		{BAC0B100-A164-45CE-8DBC-5CFD4F2C6870}.Debug|x86.ActiveCfg = Debug|Win32
		{BAC0B100-A164-45CE-8DBC-5CFD4F2C6870}.Debug|x86.Build.0 = Debug|Win32
		{BAC0B100-A164-45CE-8DBC-5CFD4F2C6870}.Release|x64.ActiveCfg = Release|x64
		{BAC0B100-A164-45CE-8DBC-5CFD4F2C6870}.Release|x64.Build.0 = Release|x64
		{BAC0B100-A164-45CE-8DBC-5CFD4F2C6870}.Release|x86.ActiveCfg = Release|Win32
		{BAC0B100-A164-45CE-8DBC-5CFD4F2C6870}.Release|x86.Build.0 = Release|Win32
		{08920450-8A91-4AC0-ADBF-9062A360D06C}.Debug|x64.ActiveCfg = Debug|x64
		{08920450-8A91-4AC0-ADBF-9062A360D06C}.Debug|x64.Build.0 = Debug|x64
		{08920450-8A91-4AC0-ADBF-9062A360D06C}.Debug|x86.ActiveCfg = Debug|Win32
		{08920450-8A91-4AC0-ADBF-9062A360D06C}.Debug|x86.Build.0 = Debug|Win32
		{08920450-8A91-4AC0-ADBF-9062A360D06C}.Release|x64.ActiveCfg = Release|x64
		{08920450-8A91-4AC0-ADBF-9062A360D06C}.Release|x64.Build.0 = Release|x64
		{08920450-8A91-4AC0-ADBF-9062A360D06C}.Release|x86.ActiveCfg = Release|Win32
		{08920450-8A91-4AC0-ADBF-9062A360D06C}.Release|x86.Build.0 = Release|Win32
		{BD223CA6-2745-404F-BC9C-D39F6AE89057}.Debug|x64.ActiveCfg = Debug|x64
		{BD223CA6-2745-404F-BC9C-D39F6AE89057}.Debug|x64.Build.0 = Debug|x64
		{BD223CA6-2745-404F-BC9C-D39F6AE89057}.Debug|x86.ActiveCfg = Debug|Win32
		{BD223CA6-2745-404F-BC9C-D39F6AE89057}.Debug|x86.Build.0 = Debug|Win32
		{BD223CA6-2745-404F-BC9C-D39F6AE89057}.Release|x64.ActiveCfg = Release|x64
		{BD223CA6-2745-404F-BC9C-D39F6AE89057}.Release|x64.Build.0 = Release|x64
		{BD223CA6-2745-404F-BC9C-D39F6AE89057}.Release|x86.ActiveCfg = Release|Win32
		{BD223CA6-2745-404F-BC9C-D39F6AE89057}.Release|x86.Build.0 = Release|Win32
		{1C58D5C2-D5F7-499C-99D9-6E96C8B6161B}.Debug|x64.ActiveCfg = Debug|x64
		{1C58D5C2-D5F7-499C-99D9-6E96C8B6161B}.Debug|x64.Build.0 = Debug|x64
		{1C58D5C2-D5F7-499C-99D9-6E96C8B6161B}.Debug|x86.ActiveCfg = Debug|Win32
		{1C58D5C2-D5F7-499C-99D9-6E96C8B6161B}.Debug|x86.Build.0 = Debug|Win32
		{1C58D5C2-D5F7-499C-99D9-6E96C8B6161B}.Release|x64.ActiveCfg = Release|x64
		{1C58D5C2-D5F7-499C-99D9-6E96C8B6161B}.Release|x64.Build.0 = Release|x64
		{1C58D5C2-D5F7-499C-99D9-6E96C8B6161B}.Release|x86.ActiveCfg = Release|Win32
		{1C58D5C2-D5F7-499C-99D9-6E96C8B6161B}.Release|x86.Build.0 = Release|Win32
	EndGlobalSection
	GlobalSection(SolutionProperties) = preSolution
		HideSolutionNode = FALSE
	EndGlobalSection
	GlobalSection(ExtensibilityGlobals) = postSolution
		SolutionGuid = {72A2A3E6-C342-459E-9946-AEE9291DC20F}
	EndGlobalSection
EndGlobal
