
Microsoft Visual Studio Solution File, Format Version 12.00
# Visual Studio 15
VisualStudioVersion = 15.0.28307.1082
MinimumVisualStudioVersion = 10.0.40219.1
Project("{8BC9CEB8-8B4A-11D0-8D11-00A0C91BC942}") = "ControlStructures", "ControlStructures\ControlStructures.vcxproj", "{D5AFAE46-85E4-4A2A-8382-BA74BA313E8E}"
EndProject
Project("{8BC9CEB8-8B4A-11D0-8D11-00A0C91BC942}") = "HomeWork1", "HomeWork1\HomeWork1.vcxproj", "{9E36D914-7372-4E0E-BEF3-4C75C287DC91}"
EndProject
Project("{8BC9CEB8-8B4A-11D0-8D11-00A0C91BC942}") = "Calc", "Calc\Calc.vcxproj", "{14DEC014-F6B7-4B43-8CD8-6F9BDDCA6C3A}"
EndProject
Project("{8BC9CEB8-8B4A-11D0-8D11-00A0C91BC942}") = "LOOPS", "LOOPS\LOOPS.vcxproj", "{C04734C1-2E6F-407C-881B-8D51CC534697}"
EndProject
Project("{8BC9CEB8-8B4A-11D0-8D11-00A0C91BC942}") = "FOR", "FOR\FOR.vcxproj", "{DB9F81CA-08F4-4427-B73F-D7548F5BF3C0}"
EndProject
Project("{8BC9CEB8-8B4A-11D0-8D11-00A0C91BC942}") = "HomeWork2", "HomeWork2\HomeWork2.vcxproj", "{B231182C-758F-4D93-9433-67DAFC1F16C5}"
EndProject
Project("{8BC9CEB8-8B4A-11D0-8D11-00A0C91BC942}") = "HomeWorkLoops", "HomeWorkLoops\HomeWorkLoops.vcxproj", "{E6B70FE1-90E5-4BE3-916C-B67AED7FE964}"
EndProject
Project("{8BC9CEB8-8B4A-11D0-8D11-00A0C91BC942}") = "Shooter", "Shooter\Shooter.vcxproj", "{388D104A-8AAB-4C45-9570-946CFB55506A}"
EndProject
Project("{8BC9CEB8-8B4A-11D0-8D11-00A0C91BC942}") = "Geomtry", "Geomtry\Geomtry.vcxproj", "{8A4C280A-32E4-48A4-B669-5A60AE642045}"
EndProject
Project("{8BC9CEB8-8B4A-11D0-8D11-00A0C91BC942}") = "Chess1", "Chess1\Chess1.vcxproj", "{938280F7-8B6E-46B3-8789-E89A82BDB56E}"
EndProject
Global
	GlobalSection(SolutionConfigurationPlatforms) = preSolution
		Debug|x64 = Debug|x64
		Debug|x86 = Debug|x86
		Release|x64 = Release|x64
		Release|x86 = Release|x86
	EndGlobalSection
	GlobalSection(ProjectConfigurationPlatforms) = postSolution
		{D5AFAE46-85E4-4A2A-8382-BA74BA313E8E}.Debug|x64.ActiveCfg = Debug|x64
		{D5AFAE46-85E4-4A2A-8382-BA74BA313E8E}.Debug|x64.Build.0 = Debug|x64
		{D5AFAE46-85E4-4A2A-8382-BA74BA313E8E}.Debug|x86.ActiveCfg = Debug|Win32
		{D5AFAE46-85E4-4A2A-8382-BA74BA313E8E}.Debug|x86.Build.0 = Debug|Win32
		{D5AFAE46-85E4-4A2A-8382-BA74BA313E8E}.Release|x64.ActiveCfg = Release|x64
		{D5AFAE46-85E4-4A2A-8382-BA74BA313E8E}.Release|x64.Build.0 = Release|x64
		{D5AFAE46-85E4-4A2A-8382-BA74BA313E8E}.Release|x86.ActiveCfg = Release|Win32
		{D5AFAE46-85E4-4A2A-8382-BA74BA313E8E}.Release|x86.Build.0 = Release|Win32
		{9E36D914-7372-4E0E-BEF3-4C75C287DC91}.Debug|x64.ActiveCfg = Debug|x64
		{9E36D914-7372-4E0E-BEF3-4C75C287DC91}.Debug|x64.Build.0 = Debug|x64
		{9E36D914-7372-4E0E-BEF3-4C75C287DC91}.Debug|x86.ActiveCfg = Debug|Win32
		{9E36D914-7372-4E0E-BEF3-4C75C287DC91}.Debug|x86.Build.0 = Debug|Win32
		{9E36D914-7372-4E0E-BEF3-4C75C287DC91}.Release|x64.ActiveCfg = Release|x64
		{9E36D914-7372-4E0E-BEF3-4C75C287DC91}.Release|x64.Build.0 = Release|x64
		{9E36D914-7372-4E0E-BEF3-4C75C287DC91}.Release|x86.ActiveCfg = Release|Win32
		{9E36D914-7372-4E0E-BEF3-4C75C287DC91}.Release|x86.Build.0 = Release|Win32
		{14DEC014-F6B7-4B43-8CD8-6F9BDDCA6C3A}.Debug|x64.ActiveCfg = Debug|x64
		{14DEC014-F6B7-4B43-8CD8-6F9BDDCA6C3A}.Debug|x64.Build.0 = Debug|x64
		{14DEC014-F6B7-4B43-8CD8-6F9BDDCA6C3A}.Debug|x86.ActiveCfg = Debug|Win32
		{14DEC014-F6B7-4B43-8CD8-6F9BDDCA6C3A}.Debug|x86.Build.0 = Debug|Win32
		{14DEC014-F6B7-4B43-8CD8-6F9BDDCA6C3A}.Release|x64.ActiveCfg = Release|x64
		{14DEC014-F6B7-4B43-8CD8-6F9BDDCA6C3A}.Release|x64.Build.0 = Release|x64
		{14DEC014-F6B7-4B43-8CD8-6F9BDDCA6C3A}.Release|x86.ActiveCfg = Release|Win32
		{14DEC014-F6B7-4B43-8CD8-6F9BDDCA6C3A}.Release|x86.Build.0 = Release|Win32
		{C04734C1-2E6F-407C-881B-8D51CC534697}.Debug|x64.ActiveCfg = Debug|x64
		{C04734C1-2E6F-407C-881B-8D51CC534697}.Debug|x64.Build.0 = Debug|x64
		{C04734C1-2E6F-407C-881B-8D51CC534697}.Debug|x86.ActiveCfg = Debug|Win32
		{C04734C1-2E6F-407C-881B-8D51CC534697}.Debug|x86.Build.0 = Debug|Win32
		{C04734C1-2E6F-407C-881B-8D51CC534697}.Release|x64.ActiveCfg = Release|x64
		{C04734C1-2E6F-407C-881B-8D51CC534697}.Release|x64.Build.0 = Release|x64
		{C04734C1-2E6F-407C-881B-8D51CC534697}.Release|x86.ActiveCfg = Release|Win32
		{C04734C1-2E6F-407C-881B-8D51CC534697}.Release|x86.Build.0 = Release|Win32
		{DB9F81CA-08F4-4427-B73F-D7548F5BF3C0}.Debug|x64.ActiveCfg = Debug|x64
		{DB9F81CA-08F4-4427-B73F-D7548F5BF3C0}.Debug|x64.Build.0 = Debug|x64
		{DB9F81CA-08F4-4427-B73F-D7548F5BF3C0}.Debug|x86.ActiveCfg = Debug|Win32
		{DB9F81CA-08F4-4427-B73F-D7548F5BF3C0}.Debug|x86.Build.0 = Debug|Win32
		{DB9F81CA-08F4-4427-B73F-D7548F5BF3C0}.Release|x64.ActiveCfg = Release|x64
		{DB9F81CA-08F4-4427-B73F-D7548F5BF3C0}.Release|x64.Build.0 = Release|x64
		{DB9F81CA-08F4-4427-B73F-D7548F5BF3C0}.Release|x86.ActiveCfg = Release|Win32
		{DB9F81CA-08F4-4427-B73F-D7548F5BF3C0}.Release|x86.Build.0 = Release|Win32
		{B231182C-758F-4D93-9433-67DAFC1F16C5}.Debug|x64.ActiveCfg = Debug|x64
		{B231182C-758F-4D93-9433-67DAFC1F16C5}.Debug|x64.Build.0 = Debug|x64
		{B231182C-758F-4D93-9433-67DAFC1F16C5}.Debug|x86.ActiveCfg = Debug|Win32
		{B231182C-758F-4D93-9433-67DAFC1F16C5}.Debug|x86.Build.0 = Debug|Win32
		{B231182C-758F-4D93-9433-67DAFC1F16C5}.Release|x64.ActiveCfg = Release|x64
		{B231182C-758F-4D93-9433-67DAFC1F16C5}.Release|x64.Build.0 = Release|x64
		{B231182C-758F-4D93-9433-67DAFC1F16C5}.Release|x86.ActiveCfg = Release|Win32
		{B231182C-758F-4D93-9433-67DAFC1F16C5}.Release|x86.Build.0 = Release|Win32
		{E6B70FE1-90E5-4BE3-916C-B67AED7FE964}.Debug|x64.ActiveCfg = Debug|x64
		{E6B70FE1-90E5-4BE3-916C-B67AED7FE964}.Debug|x64.Build.0 = Debug|x64
		{E6B70FE1-90E5-4BE3-916C-B67AED7FE964}.Debug|x86.ActiveCfg = Debug|Win32
		{E6B70FE1-90E5-4BE3-916C-B67AED7FE964}.Debug|x86.Build.0 = Debug|Win32
		{E6B70FE1-90E5-4BE3-916C-B67AED7FE964}.Release|x64.ActiveCfg = Release|x64
		{E6B70FE1-90E5-4BE3-916C-B67AED7FE964}.Release|x64.Build.0 = Release|x64
		{E6B70FE1-90E5-4BE3-916C-B67AED7FE964}.Release|x86.ActiveCfg = Release|Win32
		{E6B70FE1-90E5-4BE3-916C-B67AED7FE964}.Release|x86.Build.0 = Release|Win32
		{388D104A-8AAB-4C45-9570-946CFB55506A}.Debug|x64.ActiveCfg = Debug|x64
		{388D104A-8AAB-4C45-9570-946CFB55506A}.Debug|x64.Build.0 = Debug|x64
		{388D104A-8AAB-4C45-9570-946CFB55506A}.Debug|x86.ActiveCfg = Debug|Win32
		{388D104A-8AAB-4C45-9570-946CFB55506A}.Debug|x86.Build.0 = Debug|Win32
		{388D104A-8AAB-4C45-9570-946CFB55506A}.Release|x64.ActiveCfg = Release|x64
		{388D104A-8AAB-4C45-9570-946CFB55506A}.Release|x64.Build.0 = Release|x64
		{388D104A-8AAB-4C45-9570-946CFB55506A}.Release|x86.ActiveCfg = Release|Win32
		{388D104A-8AAB-4C45-9570-946CFB55506A}.Release|x86.Build.0 = Release|Win32
		{8A4C280A-32E4-48A4-B669-5A60AE642045}.Debug|x64.ActiveCfg = Debug|x64
		{8A4C280A-32E4-48A4-B669-5A60AE642045}.Debug|x64.Build.0 = Debug|x64
		{8A4C280A-32E4-48A4-B669-5A60AE642045}.Debug|x86.ActiveCfg = Debug|Win32
		{8A4C280A-32E4-48A4-B669-5A60AE642045}.Debug|x86.Build.0 = Debug|Win32
		{8A4C280A-32E4-48A4-B669-5A60AE642045}.Release|x64.ActiveCfg = Release|x64
		{8A4C280A-32E4-48A4-B669-5A60AE642045}.Release|x64.Build.0 = Release|x64
		{8A4C280A-32E4-48A4-B669-5A60AE642045}.Release|x86.ActiveCfg = Release|Win32
		{8A4C280A-32E4-48A4-B669-5A60AE642045}.Release|x86.Build.0 = Release|Win32
		{938280F7-8B6E-46B3-8789-E89A82BDB56E}.Debug|x64.ActiveCfg = Debug|x64
		{938280F7-8B6E-46B3-8789-E89A82BDB56E}.Debug|x64.Build.0 = Debug|x64
		{938280F7-8B6E-46B3-8789-E89A82BDB56E}.Debug|x86.ActiveCfg = Debug|Win32
		{938280F7-8B6E-46B3-8789-E89A82BDB56E}.Debug|x86.Build.0 = Debug|Win32
		{938280F7-8B6E-46B3-8789-E89A82BDB56E}.Release|x64.ActiveCfg = Release|x64
		{938280F7-8B6E-46B3-8789-E89A82BDB56E}.Release|x64.Build.0 = Release|x64
		{938280F7-8B6E-46B3-8789-E89A82BDB56E}.Release|x86.ActiveCfg = Release|Win32
		{938280F7-8B6E-46B3-8789-E89A82BDB56E}.Release|x86.Build.0 = Release|Win32
	EndGlobalSection
	GlobalSection(SolutionProperties) = preSolution
		HideSolutionNode = FALSE
	EndGlobalSection
	GlobalSection(ExtensibilityGlobals) = postSolution
		SolutionGuid = {E0C9BDE2-8518-4B4C-B3CA-D6DEE8D654DA}
	EndGlobalSection
EndGlobal
