
Microsoft Visual Studio Solution File, Format Version 12.00
# Visual Studio 15
VisualStudioVersion = 15.0.28307.1082
MinimumVisualStudioVersion = 10.0.40219.1
Project("{8BC9CEB8-8B4A-11D0-8D11-00A0C91BC942}") = "ControlStructures", "ControlStructures\ControlStructures.vcxproj", "{D5AFAE46-85E4-4A2A-8382-BA74BA313E8E}"
EndProject
Project("{8BC9CEB8-8B4A-11D0-8D11-00A0C91BC942}") = "HomeWork1", "HomeWork1\HomeWork1.vcxproj", "{9E36D914-7372-4E0E-BEF3-4C75C287DC91}"
EndProject
Global
	GlobalSection(SolutionConfigurationPlatforms) = preSolution
		Debug|x64 = Debug|x64
		Debug|x86 = Debug|x86
		Release|x64 = Release|x64
		Release|x86 = Release|x86
	EndGlobalSection
	GlobalSection(ProjectConfigurationPlatforms) = postSolution
		{D5AFAE46-85E4-4A2A-8382-BA74BA313E8E}.Debug|x64.ActiveCfg = Debug|x64
		{D5AFAE46-85E4-4A2A-8382-BA74BA313E8E}.Debug|x64.Build.0 = Debug|x64
		{D5AFAE46-85E4-4A2A-8382-BA74BA313E8E}.Debug|x86.ActiveCfg = Debug|Win32
		{D5AFAE46-85E4-4A2A-8382-BA74BA313E8E}.Debug|x86.Build.0 = Debug|Win32
		{D5AFAE46-85E4-4A2A-8382-BA74BA313E8E}.Release|x64.ActiveCfg = Release|x64
		{D5AFAE46-85E4-4A2A-8382-BA74BA313E8E}.Release|x64.Build.0 = Release|x64
		{D5AFAE46-85E4-4A2A-8382-BA74BA313E8E}.Release|x86.ActiveCfg = Release|Win32
		{D5AFAE46-85E4-4A2A-8382-BA74BA313E8E}.Release|x86.Build.0 = Release|Win32
		{9E36D914-7372-4E0E-BEF3-4C75C287DC91}.Debug|x64.ActiveCfg = Debug|x64
		{9E36D914-7372-4E0E-BEF3-4C75C287DC91}.Debug|x64.Build.0 = Debug|x64
		{9E36D914-7372-4E0E-BEF3-4C75C287DC91}.Debug|x86.ActiveCfg = Debug|Win32
		{9E36D914-7372-4E0E-BEF3-4C75C287DC91}.Debug|x86.Build.0 = Debug|Win32
		{9E36D914-7372-4E0E-BEF3-4C75C287DC91}.Release|x64.ActiveCfg = Release|x64
		{9E36D914-7372-4E0E-BEF3-4C75C287DC91}.Release|x64.Build.0 = Release|x64
		{9E36D914-7372-4E0E-BEF3-4C75C287DC91}.Release|x86.ActiveCfg = Release|Win32
		{9E36D914-7372-4E0E-BEF3-4C75C287DC91}.Release|x86.Build.0 = Release|Win32
	EndGlobalSection
	GlobalSection(SolutionProperties) = preSolution
		HideSolutionNode = FALSE
	EndGlobalSection
	GlobalSection(ExtensibilityGlobals) = postSolution
		SolutionGuid = {E0C9BDE2-8518-4B4C-B3CA-D6DEE8D654DA}
	EndGlobalSection
EndGlobal
